
Microsoft Visual Studio Solution File, Format Version 12.00
# Visual Studio Version 17
VisualStudioVersion = 17.3.32819.101
MinimumVisualStudioVersion = 10.0.40219.1
Project("{FAE04EC0-301F-11D3-BF4B-00C04F79EFBC}") = "MatchGame", "MatchGame\MatchGame.csproj", "{B179167C-E2E6-4D39-84CA-8D6570D1B0B4}"
EndProject
Global
	GlobalSection(SolutionConfigurationPlatforms) = preSolution
		Debug|Any CPU = Debug|Any CPU
		Release|Any CPU = Release|Any CPU
	EndGlobalSection
	GlobalSection(ProjectConfigurationPlatforms) = postSolution
		{B179167C-E2E6-4D39-84CA-8D6570D1B0B4}.Debug|Any CPU.ActiveCfg = Debug|Any CPU
		{B179167C-E2E6-4D39-84CA-8D6570D1B0B4}.Debug|Any CPU.Build.0 = Debug|Any CPU
		{B179167C-E2E6-4D39-84CA-8D6570D1B0B4}.Release|Any CPU.ActiveCfg = Release|Any CPU
		{B179167C-E2E6-4D39-84CA-8D6570D1B0B4}.Release|Any CPU.Build.0 = Release|Any CPU
	EndGlobalSection
	GlobalSection(SolutionProperties) = preSolution
		HideSolutionNode = FALSE
	EndGlobalSection
	GlobalSection(ExtensibilityGlobals) = postSolution
		SolutionGuid = {1C1720B4-ABC0-4EDE-B39F-DE196C34FD07}
	EndGlobalSection
EndGlobal
